PODS:
  - ComponentMainModuleCategory (0.0.4):
    - ComponentMiddleware
  - ComponentMiddleware (1.0.7)

DEPENDENCIES:
  - ComponentMainModuleCategory (from `../`)

SPEC REPOS:
  https://mirrors.tuna.tsinghua.edu.cn/git/CocoaPods/Specs.git:
    - ComponentMiddleware

EXTERNAL SOURCES:
  ComponentMainModuleCategory:
    :path: "../"

SPEC CHECKSUMS:
  ComponentMainModuleCategory: edc5dc7c1900e418cc842cc9e38f7fed7cbb8e3c
  ComponentMiddleware: a85177f48b943f1fca20454a0cf44a822f32eec0

PODFILE CHECKSUM: 69fa28233384095119123b0cdc8ad7ab853d8a01

COCOAPODS: 1.9.1
